
Microsoft Visual Studio Solution File, Format Version 12.00
# Visual Studio Version 16
VisualStudioVersion = 16.0.30011.22
MinimumVisualStudioVersion = 10.0.40219.1
Project("{FAE04EC0-301F-11D3-BF4B-00C04F79EFBC}") = "Shop", "Shop\Shop.csproj", "{92963E0D-6529-474D-B919-A666946F6AF9}"
EndProject
Global
	GlobalSection(SolutionConfigurationPlatforms) = preSolution
		Debug|Any CPU = Debug|Any CPU
		Release|Any CPU = Release|Any CPU
	EndGlobalSection
	GlobalSection(ProjectConfigurationPlatforms) = postSolution
		{92963E0D-6529-474D-B919-A666946F6AF9}.Debug|Any CPU.ActiveCfg = Debug|Any CPU
		{92963E0D-6529-474D-B919-A666946F6AF9}.Debug|Any CPU.Build.0 = Debug|Any CPU
		{92963E0D-6529-474D-B919-A666946F6AF9}.Release|Any CPU.ActiveCfg = Release|Any CPU
		{92963E0D-6529-474D-B919-A666946F6AF9}.Release|Any CPU.Build.0 = Release|Any CPU
	EndGlobalSection
	GlobalSection(SolutionProperties) = preSolution
		HideSolutionNode = FALSE
	EndGlobalSection
	GlobalSection(ExtensibilityGlobals) = postSolution
		SolutionGuid = {38AC2CE3-0629-4F28-81C9-8415AEE299A2}
	EndGlobalSection
EndGlobal
